
Microsoft Visual Studio Solution File, Format Version 12.00
Project("{FAE04EC0-301F-11D3-BF4B-00C04F79EFBC}") = "CatalogService", "CatalogService\CatalogService.csproj", "{FC38342F-65FA-4342-A1DB-57DB08534D65}"
EndProject
Project("{FAE04EC0-301F-11D3-BF4B-00C04F79EFBC}") = "OrderService", "OrderService\OrderService.csproj", "{9B9EF21C-F1BC-4DC4-8A5B-0B93956F6F21}"
EndProject
Project("{FAE04EC0-301F-11D3-BF4B-00C04F79EFBC}") = "KitchenService", "KitchenService\KitchenService.csproj", "{DFB53003-B5BB-4B6D-9680-540952477B28}"
EndProject
Project("{FAE04EC0-301F-11D3-BF4B-00C04F79EFBC}") = "DeliveryService", "DeliveryService\DeliveryService.csproj", "{A403E541-A0F4-4C32-82B0-ABE7469CE80E}"
EndProject
Project("{FAE04EC0-301F-11D3-BF4B-00C04F79EFBC}") = "Contracts", "Contracts\Contracts.csproj", "{94AACA8D-58DA-43CC-AE77-5285A43C45BB}"
EndProject
Project("{FAE04EC0-301F-11D3-BF4B-00C04F79EFBC}") = "ApiGateway", "ApiGateway\ApiGateway.csproj", "{C1F03948-6534-470F-9F2D-6ACE5D38003D}"
EndProject
Global
	GlobalSection(SolutionConfigurationPlatforms) = preSolution
		Debug|Any CPU = Debug|Any CPU
		Release|Any CPU = Release|Any CPU
	EndGlobalSection
	GlobalSection(ProjectConfigurationPlatforms) = postSolution
		{FC38342F-65FA-4342-A1DB-57DB08534D65}.Debug|Any CPU.ActiveCfg = Debug|Any CPU
		{FC38342F-65FA-4342-A1DB-57DB08534D65}.Debug|Any CPU.Build.0 = Debug|Any CPU
		{FC38342F-65FA-4342-A1DB-57DB08534D65}.Release|Any CPU.ActiveCfg = Release|Any CPU
		{FC38342F-65FA-4342-A1DB-57DB08534D65}.Release|Any CPU.Build.0 = Release|Any CPU
		{9B9EF21C-F1BC-4DC4-8A5B-0B93956F6F21}.Debug|Any CPU.ActiveCfg = Debug|Any CPU
		{9B9EF21C-F1BC-4DC4-8A5B-0B93956F6F21}.Debug|Any CPU.Build.0 = Debug|Any CPU
		{9B9EF21C-F1BC-4DC4-8A5B-0B93956F6F21}.Release|Any CPU.ActiveCfg = Release|Any CPU
		{9B9EF21C-F1BC-4DC4-8A5B-0B93956F6F21}.Release|Any CPU.Build.0 = Release|Any CPU
		{DFB53003-B5BB-4B6D-9680-540952477B28}.Debug|Any CPU.ActiveCfg = Debug|Any CPU
		{DFB53003-B5BB-4B6D-9680-540952477B28}.Debug|Any CPU.Build.0 = Debug|Any CPU
		{DFB53003-B5BB-4B6D-9680-540952477B28}.Release|Any CPU.ActiveCfg = Release|Any CPU
		{DFB53003-B5BB-4B6D-9680-540952477B28}.Release|Any CPU.Build.0 = Release|Any CPU
		{A403E541-A0F4-4C32-82B0-ABE7469CE80E}.Debug|Any CPU.ActiveCfg = Debug|Any CPU
		{A403E541-A0F4-4C32-82B0-ABE7469CE80E}.Debug|Any CPU.Build.0 = Debug|Any CPU
		{A403E541-A0F4-4C32-82B0-ABE7469CE80E}.Release|Any CPU.ActiveCfg = Release|Any CPU
		{A403E541-A0F4-4C32-82B0-ABE7469CE80E}.Release|Any CPU.Build.0 = Release|Any CPU
		{94AACA8D-58DA-43CC-AE77-5285A43C45BB}.Debug|Any CPU.ActiveCfg = Debug|Any CPU
		{94AACA8D-58DA-43CC-AE77-5285A43C45BB}.Debug|Any CPU.Build.0 = Debug|Any CPU
		{94AACA8D-58DA-43CC-AE77-5285A43C45BB}.Release|Any CPU.ActiveCfg = Release|Any CPU
		{94AACA8D-58DA-43CC-AE77-5285A43C45BB}.Release|Any CPU.Build.0 = Release|Any CPU
		{C1F03948-6534-470F-9F2D-6ACE5D38003D}.Debug|Any CPU.ActiveCfg = Debug|Any CPU
		{C1F03948-6534-470F-9F2D-6ACE5D38003D}.Debug|Any CPU.Build.0 = Debug|Any CPU
		{C1F03948-6534-470F-9F2D-6ACE5D38003D}.Release|Any CPU.ActiveCfg = Release|Any CPU
		{C1F03948-6534-470F-9F2D-6ACE5D38003D}.Release|Any CPU.Build.0 = Release|Any CPU
	EndGlobalSection
EndGlobal
